
Microsoft Visual Studio Solution File, Format Version 12.00
# Visual Studio Version 16
VisualStudioVersion = 16.0.30413.136
MinimumVisualStudioVersion = 10.0.40219.1
Project("{FAE04EC0-301F-11D3-BF4B-00C04F79EFBC}") = "pequeno_ejercicio_de_serializacion", "pequeno_ejercicio_de_serializacion\pequeno_ejercicio_de_serializacion.csproj", "{A9A57605-28BC-40B9-9D68-545EDE80DAFD}"
EndProject
Global
	GlobalSection(SolutionConfigurationPlatforms) = preSolution
		Debug|Any CPU = Debug|Any CPU
		Release|Any CPU = Release|Any CPU
	EndGlobalSection
	GlobalSection(ProjectConfigurationPlatforms) = postSolution
		{A9A57605-28BC-40B9-9D68-545EDE80DAFD}.Debug|Any CPU.ActiveCfg = Debug|Any CPU
		{A9A57605-28BC-40B9-9D68-545EDE80DAFD}.Debug|Any CPU.Build.0 = Debug|Any CPU
		{A9A57605-28BC-40B9-9D68-545EDE80DAFD}.Release|Any CPU.ActiveCfg = Release|Any CPU
		{A9A57605-28BC-40B9-9D68-545EDE80DAFD}.Release|Any CPU.Build.0 = Release|Any CPU
	EndGlobalSection
	GlobalSection(SolutionProperties) = preSolution
		HideSolutionNode = FALSE
	EndGlobalSection
	GlobalSection(ExtensibilityGlobals) = postSolution
		SolutionGuid = {2859728A-E35C-4C15-840C-703F1F74157E}
	EndGlobalSection
EndGlobal
